
Microsoft Visual Studio Solution File, Format Version 12.00
Project("{FAE04EC0-301F-11D3-BF4B-00C04F79EFBC}") = "Navigator.Extensions.Probabilities", "Navigator.Extensions.Probabilities\Navigator.Extensions.Probabilities.csproj", "{33145A7D-9749-4A6C-BC19-ED68DC3520EB}"
EndProject
Global
	GlobalSection(SolutionConfigurationPlatforms) = preSolution
		Debug|Any CPU = Debug|Any CPU
		Release|Any CPU = Release|Any CPU
	EndGlobalSection
	GlobalSection(ProjectConfigurationPlatforms) = postSolution
		{33145A7D-9749-4A6C-BC19-ED68DC3520EB}.Debug|Any CPU.ActiveCfg = Debug|Any CPU
		{33145A7D-9749-4A6C-BC19-ED68DC3520EB}.Debug|Any CPU.Build.0 = Debug|Any CPU
		{33145A7D-9749-4A6C-BC19-ED68DC3520EB}.Release|Any CPU.ActiveCfg = Release|Any CPU
		{33145A7D-9749-4A6C-BC19-ED68DC3520EB}.Release|Any CPU.Build.0 = Release|Any CPU
	EndGlobalSection
EndGlobal
